
Microsoft Visual Studio Solution File, Format Version 12.00
# Visual Studio Version 17
VisualStudioVersion = 17.0.32112.339
MinimumVisualStudioVersion = 10.0.40219.1
Project("{FAE04EC0-301F-11D3-BF4B-00C04F79EFBC}") = "EShoppingMVCApp", "EShoppingMVCApp.csproj", "{B7515613-2D54-4E17-B56C-BE423D1D7CCA}"
EndProject
Global
	GlobalSection(SolutionConfigurationPlatforms) = preSolution
		Debug|Any CPU = Debug|Any CPU
		Release|Any CPU = Release|Any CPU
	EndGlobalSection
	GlobalSection(ProjectConfigurationPlatforms) = postSolution
		{B7515613-2D54-4E17-B56C-BE423D1D7CCA}.Debug|Any CPU.ActiveCfg = Debug|Any CPU
		{B7515613-2D54-4E17-B56C-BE423D1D7CCA}.Debug|Any CPU.Build.0 = Debug|Any CPU
		{B7515613-2D54-4E17-B56C-BE423D1D7CCA}.Release|Any CPU.ActiveCfg = Release|Any CPU
		{B7515613-2D54-4E17-B56C-BE423D1D7CCA}.Release|Any CPU.Build.0 = Release|Any CPU
	EndGlobalSection
	GlobalSection(SolutionProperties) = preSolution
		HideSolutionNode = FALSE
	EndGlobalSection
	GlobalSection(ExtensibilityGlobals) = postSolution
		SolutionGuid = {BFB0AA90-6EA5-448D-AD17-7138E9382285}
	EndGlobalSection
EndGlobal
