
Microsoft Visual Studio Solution File, Format Version 12.00
# Visual Studio Version 17
VisualStudioVersion = 17.0.32112.339
MinimumVisualStudioVersion = 10.0.40219.1
Project("{FAE04EC0-301F-11D3-BF4B-00C04F79EFBC}") = "UnderStandingDeletegateApp", "UnderStandingDeletegateApp.csproj", "{6271C028-F52D-42BA-A974-B0966475DAC7}"
EndProject
Global
	GlobalSection(SolutionConfigurationPlatforms) = preSolution
		Debug|Any CPU = Debug|Any CPU
		Release|Any CPU = Release|Any CPU
	EndGlobalSection
	GlobalSection(ProjectConfigurationPlatforms) = postSolution
		{6271C028-F52D-42BA-A974-B0966475DAC7}.Debug|Any CPU.ActiveCfg = Debug|Any CPU
		{6271C028-F52D-42BA-A974-B0966475DAC7}.Debug|Any CPU.Build.0 = Debug|Any CPU
		{6271C028-F52D-42BA-A974-B0966475DAC7}.Release|Any CPU.ActiveCfg = Release|Any CPU
		{6271C028-F52D-42BA-A974-B0966475DAC7}.Release|Any CPU.Build.0 = Release|Any CPU
	EndGlobalSection
	GlobalSection(SolutionProperties) = preSolution
		HideSolutionNode = FALSE
	EndGlobalSection
	GlobalSection(ExtensibilityGlobals) = postSolution
		SolutionGuid = {BBA0DEB0-71D3-4C63-9EE0-6B17F81BA0ED}
	EndGlobalSection
EndGlobal
