
Microsoft Visual Studio Solution File, Format Version 12.00
# Visual Studio Version 17
VisualStudioVersion = 17.0.32112.339
MinimumVisualStudioVersion = 10.0.40219.1
Project("{FAE04EC0-301F-11D3-BF4B-00C04F79EFBC}") = "FirstAPI", "FirstAPI.csproj", "{DD34210D-AF2D-4DBF-B1A6-FD36CA4C7658}"
EndProject
Global
	GlobalSection(SolutionConfigurationPlatforms) = preSolution
		Debug|Any CPU = Debug|Any CPU
		Release|Any CPU = Release|Any CPU
	EndGlobalSection
	GlobalSection(ProjectConfigurationPlatforms) = postSolution
		{DD34210D-AF2D-4DBF-B1A6-FD36CA4C7658}.Debug|Any CPU.ActiveCfg = Debug|Any CPU
		{DD34210D-AF2D-4DBF-B1A6-FD36CA4C7658}.Debug|Any CPU.Build.0 = Debug|Any CPU
		{DD34210D-AF2D-4DBF-B1A6-FD36CA4C7658}.Release|Any CPU.ActiveCfg = Release|Any CPU
		{DD34210D-AF2D-4DBF-B1A6-FD36CA4C7658}.Release|Any CPU.Build.0 = Release|Any CPU
	EndGlobalSection
	GlobalSection(SolutionProperties) = preSolution
		HideSolutionNode = FALSE
	EndGlobalSection
	GlobalSection(ExtensibilityGlobals) = postSolution
		SolutionGuid = {DD1B36BA-7118-4DAB-A2DC-B1E8170D0227}
	EndGlobalSection
EndGlobal
