
Microsoft Visual Studio Solution File, Format Version 12.00
# Visual Studio Version 17
VisualStudioVersion = 17.0.32112.339
MinimumVisualStudioVersion = 10.0.40219.1
Project("{FAE04EC0-301F-11D3-BF4B-00C04F79EFBC}") = "APILoginAPP", "APILoginAPP.csproj", "{1D13026B-7DE6-46DF-A245-59660FAD50F3}"
EndProject
Global
	GlobalSection(SolutionConfigurationPlatforms) = preSolution
		Debug|Any CPU = Debug|Any CPU
		Release|Any CPU = Release|Any CPU
	EndGlobalSection
	GlobalSection(ProjectConfigurationPlatforms) = postSolution
		{1D13026B-7DE6-46DF-A245-59660FAD50F3}.Debug|Any CPU.ActiveCfg = Debug|Any CPU
		{1D13026B-7DE6-46DF-A245-59660FAD50F3}.Debug|Any CPU.Build.0 = Debug|Any CPU
		{1D13026B-7DE6-46DF-A245-59660FAD50F3}.Release|Any CPU.ActiveCfg = Release|Any CPU
		{1D13026B-7DE6-46DF-A245-59660FAD50F3}.Release|Any CPU.Build.0 = Release|Any CPU
	EndGlobalSection
	GlobalSection(SolutionProperties) = preSolution
		HideSolutionNode = FALSE
	EndGlobalSection
	GlobalSection(ExtensibilityGlobals) = postSolution
		SolutionGuid = {E4E90B0F-D255-4244-B80F-27F74DA7A226}
	EndGlobalSection
EndGlobal
