
Microsoft Visual Studio Solution File, Format Version 12.00
# Visual Studio Version 17
VisualStudioVersion = 17.0.32112.339
MinimumVisualStudioVersion = 10.0.40219.1
Project("{FAE04EC0-301F-11D3-BF4B-00C04F79EFBC}") = "MoreADOApplication", "MoreADOApplication.csproj", "{6D8BF0F0-F38B-47BB-A819-6DA7C868D733}"
EndProject
Project("{FAE04EC0-301F-11D3-BF4B-00C04F79EFBC}") = "MoreADOLibrary", "..\MoreADOLibrary\MoreADOLibrary.csproj", "{C99CA85D-7CB9-4DB9-96B0-33331A2352BC}"
EndProject
Project("{FAE04EC0-301F-11D3-BF4B-00C04F79EFBC}") = "MoreADODALibrary", "..\MoreADODALibrary\MoreADODALibrary.csproj", "{20FC9E80-EB26-4505-9580-8F5B490C9F5A}"
EndProject
Project("{FAE04EC0-301F-11D3-BF4B-00C04F79EFBC}") = "ADBLLibrary", "..\ADBLLibrary\ADBLLibrary.csproj", "{11A5E1D5-E281-4041-85B4-E9902B17B9E8}"
EndProject
Global
	GlobalSection(SolutionConfigurationPlatforms) = preSolution
		Debug|Any CPU = Debug|Any CPU
		Release|Any CPU = Release|Any CPU
	EndGlobalSection
	GlobalSection(ProjectConfigurationPlatforms) = postSolution
		{6D8BF0F0-F38B-47BB-A819-6DA7C868D733}.Debug|Any CPU.ActiveCfg = Debug|Any CPU
		{6D8BF0F0-F38B-47BB-A819-6DA7C868D733}.Debug|Any CPU.Build.0 = Debug|Any CPU
		{6D8BF0F0-F38B-47BB-A819-6DA7C868D733}.Release|Any CPU.ActiveCfg = Release|Any CPU
		{6D8BF0F0-F38B-47BB-A819-6DA7C868D733}.Release|Any CPU.Build.0 = Release|Any CPU
		{C99CA85D-7CB9-4DB9-96B0-33331A2352BC}.Debug|Any CPU.ActiveCfg = Debug|Any CPU
		{C99CA85D-7CB9-4DB9-96B0-33331A2352BC}.Debug|Any CPU.Build.0 = Debug|Any CPU
		{C99CA85D-7CB9-4DB9-96B0-33331A2352BC}.Release|Any CPU.ActiveCfg = Release|Any CPU
		{C99CA85D-7CB9-4DB9-96B0-33331A2352BC}.Release|Any CPU.Build.0 = Release|Any CPU
		{20FC9E80-EB26-4505-9580-8F5B490C9F5A}.Debug|Any CPU.ActiveCfg = Debug|Any CPU
		{20FC9E80-EB26-4505-9580-8F5B490C9F5A}.Debug|Any CPU.Build.0 = Debug|Any CPU
		{20FC9E80-EB26-4505-9580-8F5B490C9F5A}.Release|Any CPU.ActiveCfg = Release|Any CPU
		{20FC9E80-EB26-4505-9580-8F5B490C9F5A}.Release|Any CPU.Build.0 = Release|Any CPU
		{11A5E1D5-E281-4041-85B4-E9902B17B9E8}.Debug|Any CPU.ActiveCfg = Debug|Any CPU
		{11A5E1D5-E281-4041-85B4-E9902B17B9E8}.Debug|Any CPU.Build.0 = Debug|Any CPU
		{11A5E1D5-E281-4041-85B4-E9902B17B9E8}.Release|Any CPU.ActiveCfg = Release|Any CPU
		{11A5E1D5-E281-4041-85B4-E9902B17B9E8}.Release|Any CPU.Build.0 = Release|Any CPU
	EndGlobalSection
	GlobalSection(SolutionProperties) = preSolution
		HideSolutionNode = FALSE
	EndGlobalSection
	GlobalSection(ExtensibilityGlobals) = postSolution
		SolutionGuid = {6A3AC9AD-C70A-4F8D-8589-B4925661CC8A}
	EndGlobalSection
EndGlobal
